
Microsoft Visual Studio Solution File, Format Version 12.00
# Visual Studio Version 17
VisualStudioVersion = 17.5.2.0
MinimumVisualStudioVersion = 10.0.40219.1
Project("{FAE04EC0-301F-11D3-BF4B-00C04F79EFBC}") = "c#.net", "c#.net\c#.net.csproj", "{A4F48039-C3CF-9D17-C543-3223677C14E9}"
EndProject
Project("{FAE04EC0-301F-11D3-BF4B-00C04F79EFBC}") = "c#.net.Common", "c#.net.Common\c#.net.Common.csproj", "{9513944F-2278-4661-BD86-7380F8B72120}"
EndProject
Global
	GlobalSection(SolutionConfigurationPlatforms) = preSolution
		Debug|Any CPU = Debug|Any CPU
		Debug|x64 = Debug|x64
		Debug|x86 = Debug|x86
		Release|Any CPU = Release|Any CPU
		Release|x64 = Release|x64
		Release|x86 = Release|x86
	EndGlobalSection
	GlobalSection(ProjectConfigurationPlatforms) = postSolution
		{A4F48039-C3CF-9D17-C543-3223677C14E9}.Debug|Any CPU.ActiveCfg = Debug|Any CPU
		{A4F48039-C3CF-9D17-C543-3223677C14E9}.Debug|Any CPU.Build.0 = Debug|Any CPU
		{A4F48039-C3CF-9D17-C543-3223677C14E9}.Debug|x64.ActiveCfg = Debug|Any CPU
		{A4F48039-C3CF-9D17-C543-3223677C14E9}.Debug|x64.Build.0 = Debug|Any CPU
		{A4F48039-C3CF-9D17-C543-3223677C14E9}.Debug|x86.ActiveCfg = Debug|Any CPU
		{A4F48039-C3CF-9D17-C543-3223677C14E9}.Debug|x86.Build.0 = Debug|Any CPU
		{A4F48039-C3CF-9D17-C543-3223677C14E9}.Release|Any CPU.ActiveCfg = Release|Any CPU
		{A4F48039-C3CF-9D17-C543-3223677C14E9}.Release|Any CPU.Build.0 = Release|Any CPU
		{A4F48039-C3CF-9D17-C543-3223677C14E9}.Release|x64.ActiveCfg = Release|Any CPU
		{A4F48039-C3CF-9D17-C543-3223677C14E9}.Release|x64.Build.0 = Release|Any CPU
		{A4F48039-C3CF-9D17-C543-3223677C14E9}.Release|x86.ActiveCfg = Release|Any CPU
		{A4F48039-C3CF-9D17-C543-3223677C14E9}.Release|x86.Build.0 = Release|Any CPU
		{9513944F-2278-4661-BD86-7380F8B72120}.Debug|Any CPU.ActiveCfg = Debug|Any CPU
		{9513944F-2278-4661-BD86-7380F8B72120}.Debug|Any CPU.Build.0 = Debug|Any CPU
		{9513944F-2278-4661-BD86-7380F8B72120}.Debug|x64.ActiveCfg = Debug|Any CPU
		{9513944F-2278-4661-BD86-7380F8B72120}.Debug|x64.Build.0 = Debug|Any CPU
		{9513944F-2278-4661-BD86-7380F8B72120}.Debug|x86.ActiveCfg = Debug|Any CPU
		{9513944F-2278-4661-BD86-7380F8B72120}.Debug|x86.Build.0 = Debug|Any CPU
		{9513944F-2278-4661-BD86-7380F8B72120}.Release|Any CPU.ActiveCfg = Release|Any CPU
		{9513944F-2278-4661-BD86-7380F8B72120}.Release|Any CPU.Build.0 = Release|Any CPU
		{9513944F-2278-4661-BD86-7380F8B72120}.Release|x64.ActiveCfg = Release|Any CPU
		{9513944F-2278-4661-BD86-7380F8B72120}.Release|x64.Build.0 = Release|Any CPU
		{9513944F-2278-4661-BD86-7380F8B72120}.Release|x86.ActiveCfg = Release|Any CPU
		{9513944F-2278-4661-BD86-7380F8B72120}.Release|x86.Build.0 = Release|Any CPU
	EndGlobalSection
	GlobalSection(SolutionProperties) = preSolution
		HideSolutionNode = FALSE
	EndGlobalSection
	GlobalSection(ExtensibilityGlobals) = postSolution
		SolutionGuid = {20FD735F-E907-4ED2-8A04-A48BC7A794AD}
	EndGlobalSection
EndGlobal
