Microsoft Visual Studio Solution File, Format Version 12.00
# Visual Studio Version 17
VisualStudioVersion = 17.5.2.0
MinimumVisualStudioVersion = 10.0.40219.1
Project("{2150E333-8FDC-42A3-9474-1A3956D46DE8}") = "trilha-net-explorando-desafio-main", "trilha-net-explorando-desafio-main", "{3A2D494C-E803-2608-C0E0-686C973FE902}"
EndProject
Project("{FAE04EC0-301F-11D3-BF4B-00C04F79EFBC}") = "DesafioProjetoHospedagem", "trilha-net-explorando-desafio-main\DesafioProjetoHospedagem.csproj", "{F50091B4-5785-DEEE-BA4C-A9A763F8A651}"
EndProject
Global
	GlobalSection(SolutionConfigurationPlatforms) = preSolution
		Debug|Any CPU = Debug|Any CPU
		Release|Any CPU = Release|Any CPU
	EndGlobalSection
	GlobalSection(ProjectConfigurationPlatforms) = postSolution
		{F50091B4-5785-DEEE-BA4C-A9A763F8A651}.Debug|Any CPU.ActiveCfg = Debug|Any CPU
		{F50091B4-5785-DEEE-BA4C-A9A763F8A651}.Debug|Any CPU.Build.0 = Debug|Any CPU
		{F50091B4-5785-DEEE-BA4C-A9A763F8A651}.Release|Any CPU.ActiveCfg = Release|Any CPU
		{F50091B4-5785-DEEE-BA4C-A9A763F8A651}.Release|Any CPU.Build.0 = Release|Any CPU
	EndGlobalSection
	GlobalSection(SolutionProperties) = preSolution
		HideSolutionNode = FALSE
	EndGlobalSection
	GlobalSection(NestedProjects) = preSolution
		{F50091B4-5785-DEEE-BA4C-A9A763F8A651} = {3A2D494C-E803-2608-C0E0-686C973FE902}
	EndGlobalSection
	GlobalSection(ExtensibilityGlobals) = postSolution
		SolutionGuid = {F21B9DD0-C000-4067-9DAD-145471D14FDE}
	EndGlobalSection
EndGlobal
